
Microsoft Visual Studio Solution File, Format Version 12.00
# Visual Studio Version 17
VisualStudioVersion = 17.14.36414.22 d17.14
MinimumVisualStudioVersion = 10.0.40219.1
Project("{FAE04EC0-301F-11D3-BF4B-00C04F79EFBC}") = "Company.G04.PL", "Company.G04\Company.G04.PL.csproj", "{CE438D2F-5634-446C-8C71-F908A2CB9977}"
EndProject
Global
	GlobalSection(SolutionConfigurationPlatforms) = preSolution
		Debug|Any CPU = Debug|Any CPU
		Release|Any CPU = Release|Any CPU
	EndGlobalSection
	GlobalSection(ProjectConfigurationPlatforms) = postSolution
		{CE438D2F-5634-446C-8C71-F908A2CB9977}.Debug|Any CPU.ActiveCfg = Debug|Any CPU
		{CE438D2F-5634-446C-8C71-F908A2CB9977}.Debug|Any CPU.Build.0 = Debug|Any CPU
		{CE438D2F-5634-446C-8C71-F908A2CB9977}.Release|Any CPU.ActiveCfg = Release|Any CPU
		{CE438D2F-5634-446C-8C71-F908A2CB9977}.Release|Any CPU.Build.0 = Release|Any CPU
	EndGlobalSection
	GlobalSection(SolutionProperties) = preSolution
		HideSolutionNode = FALSE
	EndGlobalSection
	GlobalSection(ExtensibilityGlobals) = postSolution
		SolutionGuid = {78403F1F-38E4-448B-8776-B7117DB99730}
	EndGlobalSection
EndGlobal
